
Microsoft Visual Studio Solution File, Format Version 12.00
# Visual Studio Version 17
VisualStudioVersion = 17.8.34525.116
MinimumVisualStudioVersion = 10.0.40219.1
Project("{FAE04EC0-301F-11D3-BF4B-00C04F79EFBC}") = "GameReviewer-WebApp", "GameReviewer-WebApp\GameReviewer-WebApp.csproj", "{8CE46926-FB96-4867-AD8C-C1B441A0717B}"
	ProjectSection(ProjectDependencies) = postProject
		{F6447A6A-8897-4A59-98E2-5E9028737A99} = {F6447A6A-8897-4A59-98E2-5E9028737A99}
	EndProjectSection
EndProject
Project("{FAE04EC0-301F-11D3-BF4B-00C04F79EFBC}") = "GameReviewer.DataAccess", "GameReviewer.DataAccess\GameReviewer.DataAccess.csproj", "{F6447A6A-8897-4A59-98E2-5E9028737A99}"
EndProject
Project("{FAE04EC0-301F-11D3-BF4B-00C04F79EFBC}") = "GameReviewer.NUnitTest", "GameReviewer.NUnitTest\GameReviewer.NUnitTest.csproj", "{8381B46B-93E9-4B8F-AC60-0759F84C7784}"
	ProjectSection(ProjectDependencies) = postProject
		{F6447A6A-8897-4A59-98E2-5E9028737A99} = {F6447A6A-8897-4A59-98E2-5E9028737A99}
	EndProjectSection
EndProject
Global
	GlobalSection(SolutionConfigurationPlatforms) = preSolution
		Debug|Any CPU = Debug|Any CPU
		Release|Any CPU = Release|Any CPU
	EndGlobalSection
	GlobalSection(ProjectConfigurationPlatforms) = postSolution
		{8CE46926-FB96-4867-AD8C-C1B441A0717B}.Debug|Any CPU.ActiveCfg = Debug|Any CPU
		{8CE46926-FB96-4867-AD8C-C1B441A0717B}.Debug|Any CPU.Build.0 = Debug|Any CPU
		{8CE46926-FB96-4867-AD8C-C1B441A0717B}.Release|Any CPU.ActiveCfg = Release|Any CPU
		{8CE46926-FB96-4867-AD8C-C1B441A0717B}.Release|Any CPU.Build.0 = Release|Any CPU
		{F6447A6A-8897-4A59-98E2-5E9028737A99}.Debug|Any CPU.ActiveCfg = Debug|Any CPU
		{F6447A6A-8897-4A59-98E2-5E9028737A99}.Debug|Any CPU.Build.0 = Debug|Any CPU
		{F6447A6A-8897-4A59-98E2-5E9028737A99}.Release|Any CPU.ActiveCfg = Release|Any CPU
		{F6447A6A-8897-4A59-98E2-5E9028737A99}.Release|Any CPU.Build.0 = Release|Any CPU
		{8381B46B-93E9-4B8F-AC60-0759F84C7784}.Debug|Any CPU.ActiveCfg = Debug|Any CPU
		{8381B46B-93E9-4B8F-AC60-0759F84C7784}.Debug|Any CPU.Build.0 = Debug|Any CPU
		{8381B46B-93E9-4B8F-AC60-0759F84C7784}.Release|Any CPU.ActiveCfg = Release|Any CPU
		{8381B46B-93E9-4B8F-AC60-0759F84C7784}.Release|Any CPU.Build.0 = Release|Any CPU
	EndGlobalSection
	GlobalSection(SolutionProperties) = preSolution
		HideSolutionNode = FALSE
	EndGlobalSection
	GlobalSection(ExtensibilityGlobals) = postSolution
		SolutionGuid = {CE325E38-176A-4FA1-B0B3-B0494F8D95E4}
	EndGlobalSection
EndGlobal
